
Microsoft Visual Studio Solution File, Format Version 12.00
# Visual Studio 15
VisualStudioVersion = 15.0.27130.2036
MinimumVisualStudioVersion = 10.0.40219.1
Project("{FAE04EC0-301F-11D3-BF4B-00C04F79EFBC}") = "Mp3ResponseTest", "Mp3ResponseTest\Mp3ResponseTest.csproj", "{1A0FF759-A410-4FE5-B1FE-20F60DEBC849}"
EndProject
Project("{FAE04EC0-301F-11D3-BF4B-00C04F79EFBC}") = "CSHttpServer", "CSHttpServer\CSHttpServer.csproj", "{01854EE6-ED29-440B-B077-473C7CB663D2}"
EndProject
Project("{FAE04EC0-301F-11D3-BF4B-00C04F79EFBC}") = "NAudioHttpAudioTest", "NAudioHttpAudioTest\NAudioHttpAudioTest.csproj", "{005E2880-792A-4BEB-8DF0-ED4881C22EF7}"
EndProject
Global
	GlobalSection(SolutionConfigurationPlatforms) = preSolution
		Debug|Any CPU = Debug|Any CPU
		Release|Any CPU = Release|Any CPU
	EndGlobalSection
	GlobalSection(ProjectConfigurationPlatforms) = postSolution
		{1A0FF759-A410-4FE5-B1FE-20F60DEBC849}.Debug|Any CPU.ActiveCfg = Debug|Any CPU
		{1A0FF759-A410-4FE5-B1FE-20F60DEBC849}.Debug|Any CPU.Build.0 = Debug|Any CPU
		{1A0FF759-A410-4FE5-B1FE-20F60DEBC849}.Release|Any CPU.ActiveCfg = Release|Any CPU
		{1A0FF759-A410-4FE5-B1FE-20F60DEBC849}.Release|Any CPU.Build.0 = Release|Any CPU
		{01854EE6-ED29-440B-B077-473C7CB663D2}.Debug|Any CPU.ActiveCfg = Debug|Any CPU
		{01854EE6-ED29-440B-B077-473C7CB663D2}.Debug|Any CPU.Build.0 = Debug|Any CPU
		{01854EE6-ED29-440B-B077-473C7CB663D2}.Release|Any CPU.ActiveCfg = Release|Any CPU
		{01854EE6-ED29-440B-B077-473C7CB663D2}.Release|Any CPU.Build.0 = Release|Any CPU
		{005E2880-792A-4BEB-8DF0-ED4881C22EF7}.Debug|Any CPU.ActiveCfg = Debug|Any CPU
		{005E2880-792A-4BEB-8DF0-ED4881C22EF7}.Debug|Any CPU.Build.0 = Debug|Any CPU
		{005E2880-792A-4BEB-8DF0-ED4881C22EF7}.Release|Any CPU.ActiveCfg = Release|Any CPU
		{005E2880-792A-4BEB-8DF0-ED4881C22EF7}.Release|Any CPU.Build.0 = Release|Any CPU
	EndGlobalSection
	GlobalSection(SolutionProperties) = preSolution
		HideSolutionNode = FALSE
	EndGlobalSection
	GlobalSection(ExtensibilityGlobals) = postSolution
		SolutionGuid = {6978A656-5CD8-429F-90F8-C930B37BE4F1}
	EndGlobalSection
EndGlobal
